
Microsoft Visual Studio Solution File, Format Version 12.00
# Visual Studio 15
VisualStudioVersion = 15.0.28307.779
MinimumVisualStudioVersion = 10.0.40219.1
Project("{FAE04EC0-301F-11D3-BF4B-00C04F79EFBC}") = "LearningArrays", "LearningArrays\LearningArrays.csproj", "{F58425EF-C884-447B-9003-C1FE48DA2C32}"
EndProject
Global
	GlobalSection(SolutionConfigurationPlatforms) = preSolution
		Debug|Any CPU = Debug|Any CPU
		Release|Any CPU = Release|Any CPU
	EndGlobalSection
	GlobalSection(ProjectConfigurationPlatforms) = postSolution
		{F58425EF-C884-447B-9003-C1FE48DA2C32}.Debug|Any CPU.ActiveCfg = Debug|Any CPU
		{F58425EF-C884-447B-9003-C1FE48DA2C32}.Debug|Any CPU.Build.0 = Debug|Any CPU
		{F58425EF-C884-447B-9003-C1FE48DA2C32}.Release|Any CPU.ActiveCfg = Release|Any CPU
		{F58425EF-C884-447B-9003-C1FE48DA2C32}.Release|Any CPU.Build.0 = Release|Any CPU
	EndGlobalSection
	GlobalSection(SolutionProperties) = preSolution
		HideSolutionNode = FALSE
	EndGlobalSection
	GlobalSection(ExtensibilityGlobals) = postSolution
		SolutionGuid = {0F8F2416-CD53-4F32-9FED-A9B86350D02F}
	EndGlobalSection
EndGlobal
